
Microsoft Visual Studio Solution File, Format Version 12.00
# Visual Studio Version 17
VisualStudioVersion = 17.6.33829.357
MinimumVisualStudioVersion = 10.0.40219.1
Project("{9A19103F-16F7-4668-BE54-9A1E7A4F7556}") = "NTDLS.ReliableMessaging", "NTDLS.ReliableMessaging\NTDLS.ReliableMessaging.csproj", "{46E59B81-DB93-442A-A8A7-E49676BB65CC}"
EndProject
Project("{2150E333-8FDC-42A3-9474-1A3956D46DE8}") = "Examples", "Examples", "{1EA4C1F2-010D-4D53-956D-F1AC82BEDED4}"
EndProject
Project("{FAE04EC0-301F-11D3-BF4B-00C04F79EFBC}") = "Example.ClientByConvention", "Examples\Convention\Example.ClientByConvention\Example.ClientByConvention.csproj", "{02148E30-AEFB-4F2A-09C2-27A22668D97D}"
EndProject
Project("{FAE04EC0-301F-11D3-BF4B-00C04F79EFBC}") = "Example.ServerByConvention", "Examples\Convention\Example.ServerByConvention\Example.ServerByConvention.csproj", "{7088FFCB-1E14-48F0-68E5-9DF1F8495851}"
EndProject
Project("{2150E333-8FDC-42A3-9474-1A3956D46DE8}") = "Convention", "Convention", "{DA95FF5F-6301-46E8-899F-66DC305E82AF}"
EndProject
Project("{2150E333-8FDC-42A3-9474-1A3956D46DE8}") = "GenericConvention", "GenericConvention", "{9B987D92-29FA-435C-A16C-21951C653111}"
EndProject
Project("{FAE04EC0-301F-11D3-BF4B-00C04F79EFBC}") = "Example.ClientByGenericConvention", "Examples\GenericConvention\Example.ClientByGenericConvention\Example.ClientByGenericConvention.csproj", "{64B513A7-3ACF-BD9D-F334-00D0B3694662}"
EndProject
Project("{FAE04EC0-301F-11D3-BF4B-00C04F79EFBC}") = "Example.ServerByGenericConvention", "Examples\GenericConvention\Example.ServerByGenericConvention\Example.ServerByGenericConvention.csproj", "{EE95EDB0-BFD2-679C-C69D-7A6067B958C5}"
EndProject
Project("{2150E333-8FDC-42A3-9474-1A3956D46DE8}") = "CustomProviders", "CustomProviders", "{67D955D5-3826-4EBC-B7DA-1BE1D9EC7547}"
EndProject
Project("{FAE04EC0-301F-11D3-BF4B-00C04F79EFBC}") = "Example.ClientCustomProviders", "Examples\CustomProviders\Example.ClientCustomProviders\Example.ClientCustomProviders.csproj", "{941CC110-1B9A-139D-2E00-F3C2D41F54A4}"
EndProject
Project("{FAE04EC0-301F-11D3-BF4B-00C04F79EFBC}") = "Example.ServerCustomProviders", "Examples\CustomProviders\Example.ServerCustomProviders\Example.ServerCustomProviders.csproj", "{5461522A-6406-B85D-DED4-B0558C79E2AF}"
EndProject
Project("{2150E333-8FDC-42A3-9474-1A3956D46DE8}") = "Events", "Events", "{6F6E2911-1DD8-4390-B5C6-D99D146E65FC}"
EndProject
Project("{2150E333-8FDC-42A3-9474-1A3956D46DE8}") = "Sequencing", "Sequencing", "{E0DCB1F0-4575-4C1A-AC53-F8FB417FFA1D}"
EndProject
Project("{FAE04EC0-301F-11D3-BF4B-00C04F79EFBC}") = "Example.Sequencing.Server", "Examples\Sequencing\Example.Sequencing.Server\Example.Sequencing.Server.csproj", "{A3DC52A9-FE83-D585-DD34-6E90CEA8364F}"
EndProject
Project("{FAE04EC0-301F-11D3-BF4B-00C04F79EFBC}") = "Example.Sequencing.Client", "Examples\Sequencing\Example.Sequencing.Client\Example.Sequencing.Client.csproj", "{1DE40202-2491-DA08-991B-1085F3363A4D}"
EndProject
Project("{FAE04EC0-301F-11D3-BF4B-00C04F79EFBC}") = "Example.Shared", "Examples\Example.Shared\Example.Shared.csproj", "{3AF5BD44-45EF-66C2-3161-28954788F48B}"
EndProject
Project("{2150E333-8FDC-42A3-9474-1A3956D46DE8}") = "Testing", "Testing", "{02EA681E-C7D8-13C7-8484-4AC65E1B71E8}"
EndProject
Project("{FAE04EC0-301F-11D3-BF4B-00C04F79EFBC}") = "Tests", "Testing\Tests\Tests.csproj", "{E03E5ACB-E80E-FE98-DC0A-5B413D6CD3EE}"
EndProject
Project("{FAE04EC0-301F-11D3-BF4B-00C04F79EFBC}") = "Tests.Shared", "Testing\Tests.Shared\Tests.Shared.csproj", "{FA38DC07-B1B8-F4F7-5CEA-8ECCF7113C99}"
EndProject
Project("{2150E333-8FDC-42A3-9474-1A3956D46DE8}") = "Sandbox", "Sandbox", "{428345DC-C7D2-493D-AAF0-FBEE3E7052A7}"
EndProject
Project("{FAE04EC0-301F-11D3-BF4B-00C04F79EFBC}") = "ExceptionPropagation", "Testing\SandBox\ExceptionPropagation\ExceptionPropagation.csproj", "{E1B14E44-04E9-7DDA-F5F6-6F2AF8CFE1EC}"
EndProject
Project("{FAE04EC0-301F-11D3-BF4B-00C04F79EFBC}") = "Throughput", "Testing\SandBox\Throughput\Throughput.csproj", "{4BAE4827-D9F0-BF9F-CD83-318C16E9A747}"
EndProject
Project("{2150E333-8FDC-42A3-9474-1A3956D46DE8}") = "Cryptography", "Cryptography", "{16950AD1-AE9C-4F4B-97D7-1B6C6052704C}"
EndProject
Project("{FAE04EC0-301F-11D3-BF4B-00C04F79EFBC}") = "Example.Cryptography.Client", "Examples\Cryptography\Example.Cryptography.Client\Example.Cryptography.Client.csproj", "{532A103E-777F-55C4-EFF2-60840C98AD6A}"
EndProject
Project("{FAE04EC0-301F-11D3-BF4B-00C04F79EFBC}") = "Example.Cryptography.Server", "Examples\Cryptography\Example.Cryptography.Server\Example.Cryptography.Server.csproj", "{74D43E36-7464-FBA4-8528-DA28C13629EB}"
EndProject
Project("{FAE04EC0-301F-11D3-BF4B-00C04F79EFBC}") = "Example.ClientByEvents", "Examples\Events\Example.ClientByEvents\Example.ClientByEvents.csproj", "{FBCF3C23-3EB8-5A3F-7CBD-0FA11FDF3ACC}"
EndProject
Project("{FAE04EC0-301F-11D3-BF4B-00C04F79EFBC}") = "Example.ServerByEvents", "Examples\Events\Example.ServerByEvents\Example.ServerByEvents.csproj", "{81F55BEA-36B8-C525-6DBC-08EBBF58D2ED}"
EndProject
Global
	GlobalSection(SolutionConfigurationPlatforms) = preSolution
		Debug|Any CPU = Debug|Any CPU
		Release|Any CPU = Release|Any CPU
	EndGlobalSection
	GlobalSection(ProjectConfigurationPlatforms) = postSolution
		{46E59B81-DB93-442A-A8A7-E49676BB65CC}.Debug|Any CPU.ActiveCfg = Debug|Any CPU
		{46E59B81-DB93-442A-A8A7-E49676BB65CC}.Debug|Any CPU.Build.0 = Debug|Any CPU
		{46E59B81-DB93-442A-A8A7-E49676BB65CC}.Release|Any CPU.ActiveCfg = Release|Any CPU
		{46E59B81-DB93-442A-A8A7-E49676BB65CC}.Release|Any CPU.Build.0 = Release|Any CPU
		{02148E30-AEFB-4F2A-09C2-27A22668D97D}.Debug|Any CPU.ActiveCfg = Debug|Any CPU
		{02148E30-AEFB-4F2A-09C2-27A22668D97D}.Debug|Any CPU.Build.0 = Debug|Any CPU
		{02148E30-AEFB-4F2A-09C2-27A22668D97D}.Release|Any CPU.ActiveCfg = Release|Any CPU
		{02148E30-AEFB-4F2A-09C2-27A22668D97D}.Release|Any CPU.Build.0 = Release|Any CPU
		{7088FFCB-1E14-48F0-68E5-9DF1F8495851}.Debug|Any CPU.ActiveCfg = Debug|Any CPU
		{7088FFCB-1E14-48F0-68E5-9DF1F8495851}.Debug|Any CPU.Build.0 = Debug|Any CPU
		{7088FFCB-1E14-48F0-68E5-9DF1F8495851}.Release|Any CPU.ActiveCfg = Release|Any CPU
		{7088FFCB-1E14-48F0-68E5-9DF1F8495851}.Release|Any CPU.Build.0 = Release|Any CPU
		{64B513A7-3ACF-BD9D-F334-00D0B3694662}.Debug|Any CPU.ActiveCfg = Debug|Any CPU
		{64B513A7-3ACF-BD9D-F334-00D0B3694662}.Debug|Any CPU.Build.0 = Debug|Any CPU
		{64B513A7-3ACF-BD9D-F334-00D0B3694662}.Release|Any CPU.ActiveCfg = Release|Any CPU
		{64B513A7-3ACF-BD9D-F334-00D0B3694662}.Release|Any CPU.Build.0 = Release|Any CPU
		{EE95EDB0-BFD2-679C-C69D-7A6067B958C5}.Debug|Any CPU.ActiveCfg = Debug|Any CPU
		{EE95EDB0-BFD2-679C-C69D-7A6067B958C5}.Debug|Any CPU.Build.0 = Debug|Any CPU
		{EE95EDB0-BFD2-679C-C69D-7A6067B958C5}.Release|Any CPU.ActiveCfg = Release|Any CPU
		{EE95EDB0-BFD2-679C-C69D-7A6067B958C5}.Release|Any CPU.Build.0 = Release|Any CPU
		{941CC110-1B9A-139D-2E00-F3C2D41F54A4}.Debug|Any CPU.ActiveCfg = Debug|Any CPU
		{941CC110-1B9A-139D-2E00-F3C2D41F54A4}.Debug|Any CPU.Build.0 = Debug|Any CPU
		{941CC110-1B9A-139D-2E00-F3C2D41F54A4}.Release|Any CPU.ActiveCfg = Release|Any CPU
		{941CC110-1B9A-139D-2E00-F3C2D41F54A4}.Release|Any CPU.Build.0 = Release|Any CPU
		{5461522A-6406-B85D-DED4-B0558C79E2AF}.Debug|Any CPU.ActiveCfg = Debug|Any CPU
		{5461522A-6406-B85D-DED4-B0558C79E2AF}.Debug|Any CPU.Build.0 = Debug|Any CPU
		{5461522A-6406-B85D-DED4-B0558C79E2AF}.Release|Any CPU.ActiveCfg = Release|Any CPU
		{5461522A-6406-B85D-DED4-B0558C79E2AF}.Release|Any CPU.Build.0 = Release|Any CPU
		{A3DC52A9-FE83-D585-DD34-6E90CEA8364F}.Debug|Any CPU.ActiveCfg = Debug|Any CPU
		{A3DC52A9-FE83-D585-DD34-6E90CEA8364F}.Debug|Any CPU.Build.0 = Debug|Any CPU
		{A3DC52A9-FE83-D585-DD34-6E90CEA8364F}.Release|Any CPU.ActiveCfg = Release|Any CPU
		{A3DC52A9-FE83-D585-DD34-6E90CEA8364F}.Release|Any CPU.Build.0 = Release|Any CPU
		{1DE40202-2491-DA08-991B-1085F3363A4D}.Debug|Any CPU.ActiveCfg = Debug|Any CPU
		{1DE40202-2491-DA08-991B-1085F3363A4D}.Debug|Any CPU.Build.0 = Debug|Any CPU
		{1DE40202-2491-DA08-991B-1085F3363A4D}.Release|Any CPU.ActiveCfg = Release|Any CPU
		{1DE40202-2491-DA08-991B-1085F3363A4D}.Release|Any CPU.Build.0 = Release|Any CPU
		{3AF5BD44-45EF-66C2-3161-28954788F48B}.Debug|Any CPU.ActiveCfg = Debug|Any CPU
		{3AF5BD44-45EF-66C2-3161-28954788F48B}.Debug|Any CPU.Build.0 = Debug|Any CPU
		{3AF5BD44-45EF-66C2-3161-28954788F48B}.Release|Any CPU.ActiveCfg = Release|Any CPU
		{3AF5BD44-45EF-66C2-3161-28954788F48B}.Release|Any CPU.Build.0 = Release|Any CPU
		{E03E5ACB-E80E-FE98-DC0A-5B413D6CD3EE}.Debug|Any CPU.ActiveCfg = Debug|Any CPU
		{E03E5ACB-E80E-FE98-DC0A-5B413D6CD3EE}.Debug|Any CPU.Build.0 = Debug|Any CPU
		{E03E5ACB-E80E-FE98-DC0A-5B413D6CD3EE}.Release|Any CPU.ActiveCfg = Release|Any CPU
		{E03E5ACB-E80E-FE98-DC0A-5B413D6CD3EE}.Release|Any CPU.Build.0 = Release|Any CPU
		{FA38DC07-B1B8-F4F7-5CEA-8ECCF7113C99}.Debug|Any CPU.ActiveCfg = Debug|Any CPU
		{FA38DC07-B1B8-F4F7-5CEA-8ECCF7113C99}.Debug|Any CPU.Build.0 = Debug|Any CPU
		{FA38DC07-B1B8-F4F7-5CEA-8ECCF7113C99}.Release|Any CPU.ActiveCfg = Release|Any CPU
		{FA38DC07-B1B8-F4F7-5CEA-8ECCF7113C99}.Release|Any CPU.Build.0 = Release|Any CPU
		{E1B14E44-04E9-7DDA-F5F6-6F2AF8CFE1EC}.Debug|Any CPU.ActiveCfg = Debug|Any CPU
		{E1B14E44-04E9-7DDA-F5F6-6F2AF8CFE1EC}.Debug|Any CPU.Build.0 = Debug|Any CPU
		{E1B14E44-04E9-7DDA-F5F6-6F2AF8CFE1EC}.Release|Any CPU.ActiveCfg = Release|Any CPU
		{E1B14E44-04E9-7DDA-F5F6-6F2AF8CFE1EC}.Release|Any CPU.Build.0 = Release|Any CPU
		{4BAE4827-D9F0-BF9F-CD83-318C16E9A747}.Debug|Any CPU.ActiveCfg = Debug|Any CPU
		{4BAE4827-D9F0-BF9F-CD83-318C16E9A747}.Debug|Any CPU.Build.0 = Debug|Any CPU
		{4BAE4827-D9F0-BF9F-CD83-318C16E9A747}.Release|Any CPU.ActiveCfg = Release|Any CPU
		{4BAE4827-D9F0-BF9F-CD83-318C16E9A747}.Release|Any CPU.Build.0 = Release|Any CPU
		{532A103E-777F-55C4-EFF2-60840C98AD6A}.Debug|Any CPU.ActiveCfg = Debug|Any CPU
		{532A103E-777F-55C4-EFF2-60840C98AD6A}.Debug|Any CPU.Build.0 = Debug|Any CPU
		{532A103E-777F-55C4-EFF2-60840C98AD6A}.Release|Any CPU.ActiveCfg = Release|Any CPU
		{532A103E-777F-55C4-EFF2-60840C98AD6A}.Release|Any CPU.Build.0 = Release|Any CPU
		{74D43E36-7464-FBA4-8528-DA28C13629EB}.Debug|Any CPU.ActiveCfg = Debug|Any CPU
		{74D43E36-7464-FBA4-8528-DA28C13629EB}.Debug|Any CPU.Build.0 = Debug|Any CPU
		{74D43E36-7464-FBA4-8528-DA28C13629EB}.Release|Any CPU.ActiveCfg = Release|Any CPU
		{74D43E36-7464-FBA4-8528-DA28C13629EB}.Release|Any CPU.Build.0 = Release|Any CPU
		{FBCF3C23-3EB8-5A3F-7CBD-0FA11FDF3ACC}.Debug|Any CPU.ActiveCfg = Debug|Any CPU
		{FBCF3C23-3EB8-5A3F-7CBD-0FA11FDF3ACC}.Debug|Any CPU.Build.0 = Debug|Any CPU
		{FBCF3C23-3EB8-5A3F-7CBD-0FA11FDF3ACC}.Release|Any CPU.ActiveCfg = Release|Any CPU
		{FBCF3C23-3EB8-5A3F-7CBD-0FA11FDF3ACC}.Release|Any CPU.Build.0 = Release|Any CPU
		{81F55BEA-36B8-C525-6DBC-08EBBF58D2ED}.Debug|Any CPU.ActiveCfg = Debug|Any CPU
		{81F55BEA-36B8-C525-6DBC-08EBBF58D2ED}.Debug|Any CPU.Build.0 = Debug|Any CPU
		{81F55BEA-36B8-C525-6DBC-08EBBF58D2ED}.Release|Any CPU.ActiveCfg = Release|Any CPU
		{81F55BEA-36B8-C525-6DBC-08EBBF58D2ED}.Release|Any CPU.Build.0 = Release|Any CPU
	EndGlobalSection
	GlobalSection(SolutionProperties) = preSolution
		HideSolutionNode = FALSE
	EndGlobalSection
	GlobalSection(NestedProjects) = preSolution
		{02148E30-AEFB-4F2A-09C2-27A22668D97D} = {DA95FF5F-6301-46E8-899F-66DC305E82AF}
		{7088FFCB-1E14-48F0-68E5-9DF1F8495851} = {DA95FF5F-6301-46E8-899F-66DC305E82AF}
		{DA95FF5F-6301-46E8-899F-66DC305E82AF} = {1EA4C1F2-010D-4D53-956D-F1AC82BEDED4}
		{9B987D92-29FA-435C-A16C-21951C653111} = {1EA4C1F2-010D-4D53-956D-F1AC82BEDED4}
		{64B513A7-3ACF-BD9D-F334-00D0B3694662} = {9B987D92-29FA-435C-A16C-21951C653111}
		{EE95EDB0-BFD2-679C-C69D-7A6067B958C5} = {9B987D92-29FA-435C-A16C-21951C653111}
		{67D955D5-3826-4EBC-B7DA-1BE1D9EC7547} = {1EA4C1F2-010D-4D53-956D-F1AC82BEDED4}
		{941CC110-1B9A-139D-2E00-F3C2D41F54A4} = {67D955D5-3826-4EBC-B7DA-1BE1D9EC7547}
		{5461522A-6406-B85D-DED4-B0558C79E2AF} = {67D955D5-3826-4EBC-B7DA-1BE1D9EC7547}
		{6F6E2911-1DD8-4390-B5C6-D99D146E65FC} = {1EA4C1F2-010D-4D53-956D-F1AC82BEDED4}
		{E0DCB1F0-4575-4C1A-AC53-F8FB417FFA1D} = {1EA4C1F2-010D-4D53-956D-F1AC82BEDED4}
		{A3DC52A9-FE83-D585-DD34-6E90CEA8364F} = {E0DCB1F0-4575-4C1A-AC53-F8FB417FFA1D}
		{1DE40202-2491-DA08-991B-1085F3363A4D} = {E0DCB1F0-4575-4C1A-AC53-F8FB417FFA1D}
		{3AF5BD44-45EF-66C2-3161-28954788F48B} = {1EA4C1F2-010D-4D53-956D-F1AC82BEDED4}
		{E03E5ACB-E80E-FE98-DC0A-5B413D6CD3EE} = {02EA681E-C7D8-13C7-8484-4AC65E1B71E8}
		{FA38DC07-B1B8-F4F7-5CEA-8ECCF7113C99} = {02EA681E-C7D8-13C7-8484-4AC65E1B71E8}
		{428345DC-C7D2-493D-AAF0-FBEE3E7052A7} = {02EA681E-C7D8-13C7-8484-4AC65E1B71E8}
		{E1B14E44-04E9-7DDA-F5F6-6F2AF8CFE1EC} = {428345DC-C7D2-493D-AAF0-FBEE3E7052A7}
		{4BAE4827-D9F0-BF9F-CD83-318C16E9A747} = {428345DC-C7D2-493D-AAF0-FBEE3E7052A7}
		{16950AD1-AE9C-4F4B-97D7-1B6C6052704C} = {1EA4C1F2-010D-4D53-956D-F1AC82BEDED4}
		{532A103E-777F-55C4-EFF2-60840C98AD6A} = {16950AD1-AE9C-4F4B-97D7-1B6C6052704C}
		{74D43E36-7464-FBA4-8528-DA28C13629EB} = {16950AD1-AE9C-4F4B-97D7-1B6C6052704C}
		{FBCF3C23-3EB8-5A3F-7CBD-0FA11FDF3ACC} = {6F6E2911-1DD8-4390-B5C6-D99D146E65FC}
		{81F55BEA-36B8-C525-6DBC-08EBBF58D2ED} = {6F6E2911-1DD8-4390-B5C6-D99D146E65FC}
	EndGlobalSection
	GlobalSection(ExtensibilityGlobals) = postSolution
		SolutionGuid = {0A97F31B-3DD3-4185-9954-84DF465CCF84}
	EndGlobalSection
EndGlobal
